
Microsoft Visual Studio Solution File, Format Version 12.00
# Visual Studio Version 16
VisualStudioVersion = 16.0.29215.179
MinimumVisualStudioVersion = 10.0.40219.1
Project("{FAE04EC0-301F-11D3-BF4B-00C04F79EFBC}") = "SendKeys", "SendKeys.csproj", "{64D94D3C-A691-4B45-B2C3-AB3284092664}"
EndProject
Global
	GlobalSection(SolutionConfigurationPlatforms) = preSolution
		Debug|Any CPU = Debug|Any CPU
		Release|Any CPU = Release|Any CPU
	EndGlobalSection
	GlobalSection(ProjectConfigurationPlatforms) = postSolution
		{64D94D3C-A691-4B45-B2C3-AB3284092664}.Debug|Any CPU.ActiveCfg = Debug|Any CPU
		{64D94D3C-A691-4B45-B2C3-AB3284092664}.Debug|Any CPU.Build.0 = Debug|Any CPU
		{64D94D3C-A691-4B45-B2C3-AB3284092664}.Release|Any CPU.ActiveCfg = Release|Any CPU
		{64D94D3C-A691-4B45-B2C3-AB3284092664}.Release|Any CPU.Build.0 = Release|Any CPU
	EndGlobalSection
	GlobalSection(SolutionProperties) = preSolution
		HideSolutionNode = FALSE
	EndGlobalSection
	GlobalSection(ExtensibilityGlobals) = postSolution
		SolutionGuid = {1A7533A5-34E8-4020-967A-3504580110E6}
	EndGlobalSection
EndGlobal
